
Microsoft Visual Studio Solution File, Format Version 12.00
# Visual Studio Version 16
VisualStudioVersion = 16.0.32407.337
MinimumVisualStudioVersion = 10.0.40219.1
Project("{FAE04EC0-301F-11D3-BF4B-00C04F79EFBC}") = "MenuItemListing_WebApi", "MenuItemListing_WebApi\MenuItemListing_WebApi.csproj", "{4707729A-673A-41E0-996A-203BDB6ADBAA}"
EndProject
Global
	GlobalSection(SolutionConfigurationPlatforms) = preSolution
		Debug|Any CPU = Debug|Any CPU
		Release|Any CPU = Release|Any CPU
	EndGlobalSection
	GlobalSection(ProjectConfigurationPlatforms) = postSolution
		{4707729A-673A-41E0-996A-203BDB6ADBAA}.Debug|Any CPU.ActiveCfg = Debug|Any CPU
		{4707729A-673A-41E0-996A-203BDB6ADBAA}.Debug|Any CPU.Build.0 = Debug|Any CPU
		{4707729A-673A-41E0-996A-203BDB6ADBAA}.Release|Any CPU.ActiveCfg = Release|Any CPU
		{4707729A-673A-41E0-996A-203BDB6ADBAA}.Release|Any CPU.Build.0 = Release|Any CPU
	EndGlobalSection
	GlobalSection(SolutionProperties) = preSolution
		HideSolutionNode = FALSE
	EndGlobalSection
	GlobalSection(ExtensibilityGlobals) = postSolution
		SolutionGuid = {CF85FFAF-75DF-4804-94A3-2B7A25149A49}
	EndGlobalSection
EndGlobal
